github.com/go-chi/cors v1.2.1 h1:xEC8UT3Rlp2QuWNEr4Fs/c2EAGVKBwy/1vHx3bppil4=
github.com/go-chi/cors v1.2.1/go.mod h1:sSbTewc+6wYHBBCW7ytsFSn836hqM7JxpglAy2Vzc58=
github.com/google/uuid v1.6.0 h1:NIvaJDMOsjHA8n1jAhLSgzrAzy1Hgr+hNrb57e+94F0=
github.com/google/uuid v1.6.0/go.mod h1:TIyPZe4MgqvfeYDBFedMoGGpEw/LqOeaOT+nhxU+yHo=
github.com/lambertmata/churro v0.0.0-20241026094159-dc24f32122ab h1:nrhQ8rK5a3mgFVAkoIXwiGxH89XiusrqhBJNNXo2GFQ=
github.com/lambertmata/churro v0.0.0-20241026094159-dc24f32122ab/go.mod h1:3geOCZRCgTW6p8R+uPyvQSGLwTZO1UK572PgzGI4XSg=
github.com/lambertmata/churro v0.0.0-20241026105838-bc3b62298905 h1:UakI59L4qKbczMAqWmOpoXDwGD2Fjk3LWUjgzSrC5DE=
github.com/lambertmata/churro v0.0.0-20241026105838-bc3b62298905/go.mod h1:3geOCZRCgTW6p8R+uPyvQSGLwTZO1UK572PgzGI4XSg=
github.com/lambertmata/churro v0.0.0-20241026122518-f9d370db4713 h1:XP6iTS3u5/+PUyh4rwE5Y402+qv2LKjoYAy8PUEdBJo=
github.com/lambertmata/churro v0.0.0-20241026122518-f9d370db4713/go.mod h1:3geOCZRCgTW6p8R+uPyvQSGLwTZO1UK572PgzGI4XSg=
github.com/lambertmata/churro v0.0.0-20241026183917-5c5ffc55acf2 h1:q0pm5s3ZfTNIoVLNG/rJDgHsYjc1Znyz5ct/g3bhYl4=
github.com/lambertmata/churro v0.0.0-20241026183917-5c5ffc55acf2/go.mod h1:3geOCZRCgTW6p8R+uPyvQSGLwTZO1UK572PgzGI4XSg=
github.com/lambertmata/churro v0.0.0-20241026184431-65cb9990db4b h1:XBqdoPKkhFLoQ5L3yNt+Z65ygktj/mIcnw/zl+xAKdE=
github.com/lambertmata/churro v0.0.0-20241026184431-65cb9990db4b/go.mod h1:3geOCZRCgTW6p8R+uPyvQSGLwTZO1UK572PgzGI4XSg=
github.com/lambertmata/churro v0.0.0-20241026192704-c55a9b7acf17 h1:XYPQLzYbRdQFxyIso2e3SGvfyYJh/NQejPkxEw9Smqc=
github.com/lambertmata/churro v0.0.0-20241026192704-c55a9b7acf17/go.mod h1:3geOCZRCgTW6p8R+uPyvQSGLwTZO1UK572PgzGI4XSg=
github.com/lambertmata/churro v0.0.0-20241026212634-09f1b033853b h1:GLPIirQ3FKya2Yo6tofz8hw9E8uSCSZkGM6JluUYWCc=
github.com/lambertmata/churro v0.0.0-20241026212634-09f1b033853b/go.mod h1:3geOCZRCgTW6p8R+uPyvQSGLwTZO1UK572PgzGI4XSg=
